{
  "name": "train-ticket",
  "version": "0.1.0",
  "lockfileVersion": 1,
  "requires": true,
  "dependencies": {
    "eslint-plugin-react-hooks": {
      "version": "1.6.1",
      "resolved": "https://registry.npmjs.org/eslint-plugin-react-hooks/-/eslint-plugin-react-hooks-1.6.1.tgz",
      "integrity": "sha512-wHhmGJyVuijnYIJXZJHDUF2WM+rJYTjulUTqF9k61d3BTk8etydz+M4dXUVH7M76ZRS85rqBTCx0Es/lLsrjnA==",
      "dev": true
    }
  }
}
